
Microsoft Visual Studio Solution File, Format Version 12.00
# Visual Studio Version 17
VisualStudioVersion = 17.7.34024.191
MinimumVisualStudioVersion = 10.0.40219.1
Project("{9A19103F-16F7-4668-BE54-9A1E7A4F7556}") = "ViewSonic.NoteApp", "ViewSonic.NoteApp.csproj", "{A0268625-D03D-42BF-8ADF-F511AF355F4F}"
EndProject
Global
	GlobalSection(SolutionConfigurationPlatforms) = preSolution
		Debug|Any CPU = Debug|Any CPU
		Release|Any CPU = Release|Any CPU
	EndGlobalSection
	GlobalSection(ProjectConfigurationPlatforms) = postSolution
		{A0268625-D03D-42BF-8ADF-F511AF355F4F}.Debug|Any CPU.ActiveCfg = Debug|Any CPU
		{A0268625-D03D-42BF-8ADF-F511AF355F4F}.Debug|Any CPU.Build.0 = Debug|Any CPU
		{A0268625-D03D-42BF-8ADF-F511AF355F4F}.Release|Any CPU.ActiveCfg = Release|Any CPU
		{A0268625-D03D-42BF-8ADF-F511AF355F4F}.Release|Any CPU.Build.0 = Release|Any CPU
	EndGlobalSection
	GlobalSection(SolutionProperties) = preSolution
		HideSolutionNode = FALSE
	EndGlobalSection
	GlobalSection(ExtensibilityGlobals) = postSolution
		SolutionGuid = {1E719FDF-8458-4503-B751-16E222940244}
	EndGlobalSection
EndGlobal
